
Microsoft Visual Studio Solution File, Format Version 12.00
# Visual Studio Version 17
VisualStudioVersion = 17.11.35327.3
MinimumVisualStudioVersion = 10.0.40219.1
Project("{FAE04EC0-301F-11D3-BF4B-00C04F79EFBC}") = "zad1.17.03", "zad1.17.03\zad1.17.03.csproj", "{1318C4B1-89B4-4D25-86FF-9035E4DDE8CD}"
EndProject
Project("{FAE04EC0-301F-11D3-BF4B-00C04F79EFBC}") = "ZAD.2-17.03", "ZAD.2-17.03\ZAD.2-17.03.csproj", "{19440CCC-30F0-4D9A-A2B6-0F94189459CB}"
EndProject
Project("{FAE04EC0-301F-11D3-BF4B-00C04F79EFBC}") = "zad.3-17.03", "zad.3-17.03\zad.3-17.03.csproj", "{BA6D38D0-2ACF-4BA4-BC52-DE213206FF2A}"
EndProject
Project("{FAE04EC0-301F-11D3-BF4B-00C04F79EFBC}") = "zad.3.17.03", "zad.3.17.03\zad.3.17.03.csproj", "{DF9340B0-DDB7-4C6B-9F0D-3229399E7072}"
EndProject
Project("{FAE04EC0-301F-11D3-BF4B-00C04F79EFBC}") = "zad.4.for", "zad.4.for\zad.4.for.csproj", "{B933FDEA-F73A-47DA-B460-E2698A6A9DEB}"
EndProject
Project("{FAE04EC0-301F-11D3-BF4B-00C04F79EFBC}") = "zad.5.for", "zad.5.for\zad.5.for.csproj", "{4FE88962-B864-4E6E-BA1D-703A227FB43C}"
EndProject
Project("{FAE04EC0-301F-11D3-BF4B-00C04F79EFBC}") = "zad.6.for", "zad.6.for\zad.6.for.csproj", "{E17B449F-6999-4E61-8BCB-876E957E6702}"
EndProject
Project("{FAE04EC0-301F-11D3-BF4B-00C04F79EFBC}") = "zad.7.for", "zad.7.for\zad.7.for.csproj", "{C6D4B6AE-C9FD-4139-AC94-C4E7CDBFC1EC}"
EndProject
Global
	GlobalSection(SolutionConfigurationPlatforms) = preSolution
		Debug|Any CPU = Debug|Any CPU
		Release|Any CPU = Release|Any CPU
	EndGlobalSection
	GlobalSection(ProjectConfigurationPlatforms) = postSolution
		{1318C4B1-89B4-4D25-86FF-9035E4DDE8CD}.Debug|Any CPU.ActiveCfg = Debug|Any CPU
		{1318C4B1-89B4-4D25-86FF-9035E4DDE8CD}.Debug|Any CPU.Build.0 = Debug|Any CPU
		{1318C4B1-89B4-4D25-86FF-9035E4DDE8CD}.Release|Any CPU.ActiveCfg = Release|Any CPU
		{1318C4B1-89B4-4D25-86FF-9035E4DDE8CD}.Release|Any CPU.Build.0 = Release|Any CPU
		{19440CCC-30F0-4D9A-A2B6-0F94189459CB}.Debug|Any CPU.ActiveCfg = Debug|Any CPU
		{19440CCC-30F0-4D9A-A2B6-0F94189459CB}.Debug|Any CPU.Build.0 = Debug|Any CPU
		{19440CCC-30F0-4D9A-A2B6-0F94189459CB}.Release|Any CPU.ActiveCfg = Release|Any CPU
		{19440CCC-30F0-4D9A-A2B6-0F94189459CB}.Release|Any CPU.Build.0 = Release|Any CPU
		{BA6D38D0-2ACF-4BA4-BC52-DE213206FF2A}.Debug|Any CPU.ActiveCfg = Debug|Any CPU
		{BA6D38D0-2ACF-4BA4-BC52-DE213206FF2A}.Debug|Any CPU.Build.0 = Debug|Any CPU
		{BA6D38D0-2ACF-4BA4-BC52-DE213206FF2A}.Release|Any CPU.ActiveCfg = Release|Any CPU
		{BA6D38D0-2ACF-4BA4-BC52-DE213206FF2A}.Release|Any CPU.Build.0 = Release|Any CPU
		{DF9340B0-DDB7-4C6B-9F0D-3229399E7072}.Debug|Any CPU.ActiveCfg = Debug|Any CPU
		{DF9340B0-DDB7-4C6B-9F0D-3229399E7072}.Debug|Any CPU.Build.0 = Debug|Any CPU
		{DF9340B0-DDB7-4C6B-9F0D-3229399E7072}.Release|Any CPU.ActiveCfg = Release|Any CPU
		{DF9340B0-DDB7-4C6B-9F0D-3229399E7072}.Release|Any CPU.Build.0 = Release|Any CPU
		{B933FDEA-F73A-47DA-B460-E2698A6A9DEB}.Debug|Any CPU.ActiveCfg = Debug|Any CPU
		{B933FDEA-F73A-47DA-B460-E2698A6A9DEB}.Debug|Any CPU.Build.0 = Debug|Any CPU
		{B933FDEA-F73A-47DA-B460-E2698A6A9DEB}.Release|Any CPU.ActiveCfg = Release|Any CPU
		{B933FDEA-F73A-47DA-B460-E2698A6A9DEB}.Release|Any CPU.Build.0 = Release|Any CPU
		{4FE88962-B864-4E6E-BA1D-703A227FB43C}.Debug|Any CPU.ActiveCfg = Debug|Any CPU
		{4FE88962-B864-4E6E-BA1D-703A227FB43C}.Debug|Any CPU.Build.0 = Debug|Any CPU
		{4FE88962-B864-4E6E-BA1D-703A227FB43C}.Release|Any CPU.ActiveCfg = Release|Any CPU
		{4FE88962-B864-4E6E-BA1D-703A227FB43C}.Release|Any CPU.Build.0 = Release|Any CPU
		{E17B449F-6999-4E61-8BCB-876E957E6702}.Debug|Any CPU.ActiveCfg = Debug|Any CPU
		{E17B449F-6999-4E61-8BCB-876E957E6702}.Debug|Any CPU.Build.0 = Debug|Any CPU
		{E17B449F-6999-4E61-8BCB-876E957E6702}.Release|Any CPU.ActiveCfg = Release|Any CPU
		{E17B449F-6999-4E61-8BCB-876E957E6702}.Release|Any CPU.Build.0 = Release|Any CPU
		{C6D4B6AE-C9FD-4139-AC94-C4E7CDBFC1EC}.Debug|Any CPU.ActiveCfg = Debug|Any CPU
		{C6D4B6AE-C9FD-4139-AC94-C4E7CDBFC1EC}.Debug|Any CPU.Build.0 = Debug|Any CPU
		{C6D4B6AE-C9FD-4139-AC94-C4E7CDBFC1EC}.Release|Any CPU.ActiveCfg = Release|Any CPU
		{C6D4B6AE-C9FD-4139-AC94-C4E7CDBFC1EC}.Release|Any CPU.Build.0 = Release|Any CPU
	EndGlobalSection
	GlobalSection(SolutionProperties) = preSolution
		HideSolutionNode = FALSE
	EndGlobalSection
	GlobalSection(ExtensibilityGlobals) = postSolution
		SolutionGuid = {F4AD7BD0-CF70-4B49-B034-4378A07E6FF3}
	EndGlobalSection
EndGlobal
