
Microsoft Visual Studio Solution File, Format Version 12.00
# Visual Studio Version 17
VisualStudioVersion = 17.11.35327.3
MinimumVisualStudioVersion = 10.0.40219.1
Project("{FAE04EC0-301F-11D3-BF4B-00C04F79EFBC}") = "zadanie1", "zadanie1\zadanie1.csproj", "{F41ED12D-E712-4317-A55C-DBC779651089}"
EndProject
Project("{FAE04EC0-301F-11D3-BF4B-00C04F79EFBC}") = "zadanie.2", "zadanie.2\zadanie.2.csproj", "{FE5E3DAC-9E6B-451C-8F20-6DF10DDBB8BA}"
EndProject
Project("{FAE04EC0-301F-11D3-BF4B-00C04F79EFBC}") = "zadanie.3", "zadanie.3\zadanie.3.csproj", "{144F397D-C330-4539-9183-555802A87575}"
EndProject
Project("{FAE04EC0-301F-11D3-BF4B-00C04F79EFBC}") = "zadanie4", "zadanie4\zadanie4.csproj", "{97EA391D-3611-4683-BF58-C322587A4EAB}"
EndProject
Global
	GlobalSection(SolutionConfigurationPlatforms) = preSolution
		Debug|Any CPU = Debug|Any CPU
		Release|Any CPU = Release|Any CPU
	EndGlobalSection
	GlobalSection(ProjectConfigurationPlatforms) = postSolution
		{F41ED12D-E712-4317-A55C-DBC779651089}.Debug|Any CPU.ActiveCfg = Debug|Any CPU
		{F41ED12D-E712-4317-A55C-DBC779651089}.Debug|Any CPU.Build.0 = Debug|Any CPU
		{F41ED12D-E712-4317-A55C-DBC779651089}.Release|Any CPU.ActiveCfg = Release|Any CPU
		{F41ED12D-E712-4317-A55C-DBC779651089}.Release|Any CPU.Build.0 = Release|Any CPU
		{FE5E3DAC-9E6B-451C-8F20-6DF10DDBB8BA}.Debug|Any CPU.ActiveCfg = Debug|Any CPU
		{FE5E3DAC-9E6B-451C-8F20-6DF10DDBB8BA}.Debug|Any CPU.Build.0 = Debug|Any CPU
		{FE5E3DAC-9E6B-451C-8F20-6DF10DDBB8BA}.Release|Any CPU.ActiveCfg = Release|Any CPU
		{FE5E3DAC-9E6B-451C-8F20-6DF10DDBB8BA}.Release|Any CPU.Build.0 = Release|Any CPU
		{144F397D-C330-4539-9183-555802A87575}.Debug|Any CPU.ActiveCfg = Debug|Any CPU
		{144F397D-C330-4539-9183-555802A87575}.Debug|Any CPU.Build.0 = Debug|Any CPU
		{144F397D-C330-4539-9183-555802A87575}.Release|Any CPU.ActiveCfg = Release|Any CPU
		{144F397D-C330-4539-9183-555802A87575}.Release|Any CPU.Build.0 = Release|Any CPU
		{97EA391D-3611-4683-BF58-C322587A4EAB}.Debug|Any CPU.ActiveCfg = Debug|Any CPU
		{97EA391D-3611-4683-BF58-C322587A4EAB}.Debug|Any CPU.Build.0 = Debug|Any CPU
		{97EA391D-3611-4683-BF58-C322587A4EAB}.Release|Any CPU.ActiveCfg = Release|Any CPU
		{97EA391D-3611-4683-BF58-C322587A4EAB}.Release|Any CPU.Build.0 = Release|Any CPU
	EndGlobalSection
	GlobalSection(SolutionProperties) = preSolution
		HideSolutionNode = FALSE
	EndGlobalSection
	GlobalSection(ExtensibilityGlobals) = postSolution
		SolutionGuid = {F4AD7BD0-CF70-4B49-B034-4378A07E6FF3}
	EndGlobalSection
EndGlobal
